
Microsoft Visual Studio Solution File, Format Version 12.00
# Visual Studio 15
VisualStudioVersion = 15.0.28307.421
MinimumVisualStudioVersion = 10.0.40219.1
Project("{FAE04EC0-301F-11D3-BF4B-00C04F79EFBC}") = "LurieChildrensFoundation._Base", "LurieChildrensFoundation._Base\LurieChildrensFoundation._Base.csproj", "{720AF6C9-9758-45C9-8A36-1A605298011E}"
EndProject
Project("{FAE04EC0-301F-11D3-BF4B-00C04F79EFBC}") = "LurieChildrensFoundation.AO._Base", "LurieChildrensFoundation.AO._Base\LurieChildrensFoundation.AO._Base.csproj", "{B5621406-63C6-442E-9A6A-BCFC63A42525}"
EndProject
Project("{FAE04EC0-301F-11D3-BF4B-00C04F79EFBC}") = "LurieChildrensFoundation.AO.FB", "LurieChildrensFoundation.AO.FB\LurieChildrensFoundation.AO.FB.csproj", "{56221097-1FAE-40DC-A2EA-222CBC56FE05}"
EndProject
Project("{FAE04EC0-301F-11D3-BF4B-00C04F79EFBC}") = "LurieChildrensFoundation.Home", "LurieChildrensFoundation.Home\LurieChildrensFoundation.Home.csproj", "{E36CB43D-F1BB-42F7-A21B-A713D908D825}"
EndProject
Project("{FAE04EC0-301F-11D3-BF4B-00C04F79EFBC}") = "LurieChildrensFoundation.Website.Home", "LurieChildrensFoundation.Website.Home\LurieChildrensFoundation.Website.Home.csproj", "{632F2724-F996-4EBC-811A-3CCCDB85D7C9}"
EndProject
Project("{FAE04EC0-301F-11D3-BF4B-00C04F79EFBC}") = "LurieChildrensFoundation.Website.AO.FB", "LurieChildrensFoundation.Website.AO.FB\LurieChildrensFoundation.Website.AO.FB.csproj", "{3F1FE0C2-C129-4183-886A-D3C62FF32862}"
EndProject
Global
	GlobalSection(SolutionConfigurationPlatforms) = preSolution
		Debug|Any CPU = Debug|Any CPU
		Release|Any CPU = Release|Any CPU
	EndGlobalSection
	GlobalSection(ProjectConfigurationPlatforms) = postSolution
		{720AF6C9-9758-45C9-8A36-1A605298011E}.Debug|Any CPU.ActiveCfg = Debug|Any CPU
		{720AF6C9-9758-45C9-8A36-1A605298011E}.Debug|Any CPU.Build.0 = Debug|Any CPU
		{720AF6C9-9758-45C9-8A36-1A605298011E}.Release|Any CPU.ActiveCfg = Release|Any CPU
		{720AF6C9-9758-45C9-8A36-1A605298011E}.Release|Any CPU.Build.0 = Release|Any CPU
		{B5621406-63C6-442E-9A6A-BCFC63A42525}.Debug|Any CPU.ActiveCfg = Debug|Any CPU
		{B5621406-63C6-442E-9A6A-BCFC63A42525}.Debug|Any CPU.Build.0 = Debug|Any CPU
		{B5621406-63C6-442E-9A6A-BCFC63A42525}.Release|Any CPU.ActiveCfg = Release|Any CPU
		{B5621406-63C6-442E-9A6A-BCFC63A42525}.Release|Any CPU.Build.0 = Release|Any CPU
		{56221097-1FAE-40DC-A2EA-222CBC56FE05}.Debug|Any CPU.ActiveCfg = Debug|Any CPU
		{56221097-1FAE-40DC-A2EA-222CBC56FE05}.Debug|Any CPU.Build.0 = Debug|Any CPU
		{56221097-1FAE-40DC-A2EA-222CBC56FE05}.Release|Any CPU.ActiveCfg = Release|Any CPU
		{56221097-1FAE-40DC-A2EA-222CBC56FE05}.Release|Any CPU.Build.0 = Release|Any CPU
		{E36CB43D-F1BB-42F7-A21B-A713D908D825}.Debug|Any CPU.ActiveCfg = Debug|Any CPU
		{E36CB43D-F1BB-42F7-A21B-A713D908D825}.Debug|Any CPU.Build.0 = Debug|Any CPU
		{E36CB43D-F1BB-42F7-A21B-A713D908D825}.Release|Any CPU.ActiveCfg = Release|Any CPU
		{E36CB43D-F1BB-42F7-A21B-A713D908D825}.Release|Any CPU.Build.0 = Release|Any CPU
		{632F2724-F996-4EBC-811A-3CCCDB85D7C9}.Debug|Any CPU.ActiveCfg = Debug|Any CPU
		{632F2724-F996-4EBC-811A-3CCCDB85D7C9}.Debug|Any CPU.Build.0 = Debug|Any CPU
		{632F2724-F996-4EBC-811A-3CCCDB85D7C9}.Release|Any CPU.ActiveCfg = Release|Any CPU
		{632F2724-F996-4EBC-811A-3CCCDB85D7C9}.Release|Any CPU.Build.0 = Release|Any CPU
		{3F1FE0C2-C129-4183-886A-D3C62FF32862}.Debug|Any CPU.ActiveCfg = Debug|Any CPU
		{3F1FE0C2-C129-4183-886A-D3C62FF32862}.Debug|Any CPU.Build.0 = Debug|Any CPU
		{3F1FE0C2-C129-4183-886A-D3C62FF32862}.Release|Any CPU.ActiveCfg = Release|Any CPU
		{3F1FE0C2-C129-4183-886A-D3C62FF32862}.Release|Any CPU.Build.0 = Release|Any CPU
	EndGlobalSection
	GlobalSection(SolutionProperties) = preSolution
		HideSolutionNode = FALSE
	EndGlobalSection
	GlobalSection(ExtensibilityGlobals) = postSolution
		SolutionGuid = {8AED708E-AF8E-4943-A440-00B9ABEF0535}
	EndGlobalSection
EndGlobal
